// !$*UTF8*$!
{
	archiveVersion = 1;
	classes = {
	};
	objectVersion = 50;
	objects = {

/* Begin PBXBuildFile section */
		2A4E3A17214D4CE30024EAA2 /* PopulationFrequencies.swift in Sources */ = {isa = PBXBuildFile; fileRef = 2A4E3A16214D4CE30024EAA2 /* PopulationFrequencies.swift */; };
		2A8392AE214D29E9004EE7D2 /* MatrixKit.framework in Frameworks */ = {isa = PBXBuildFile; fileRef = 2A8392AD214D29E9004EE7D2 /* MatrixKit.framework */; };
		2A9E82FF214C46CD005C39E1 /* arapat.csv in Resources */ = {isa = PBXBuildFile; fileRef = 2A9E82FE214C46CD005C39E1 /* arapat.csv */; };
		2AE4128A214C3CB600395CD5 /* PopGenKit.h in Headers */ = {isa = PBXBuildFile; fileRef = 2AE4127C214C3CB600395CD5 /* PopGenKit.h */; settings = {ATTRIBUTES = (Public, ); }; };
		2AE412CA214C3DF300395CD5 /* AnalysisBase.swift in Sources */ = {isa = PBXBuildFile; fileRef = 2AE412C6214C3DF300395CD5 /* AnalysisBase.swift */; };
		2AE412CB214C3DF300395CD5 /* FileIO.swift in Sources */ = {isa = PBXBuildFile; fileRef = 2AE412C7214C3DF300395CD5 /* FileIO.swift */; };
		2AE412CC214C3DF300395CD5 /* Frequencies.swift in Sources */ = {isa = PBXBuildFile; fileRef = 2AE412C8214C3DF300395CD5 /* Frequencies.swift */; };
		2AE412CD214C3DF300395CD5 /* Individual.swift in Sources */ = {isa = PBXBuildFile; fileRef = 2AE412C9214C3DF300395CD5 /* Individual.swift */; };
		2AE412D0214C3E3600395CD5 /* Population.swift in Sources */ = {isa = PBXBuildFile; fileRef = 2AE412CE214C3E3600395CD5 /* Population.swift */; };
		2AE412D1214C3E3600395CD5 /* Locus.swift in Sources */ = {isa = PBXBuildFile; fileRef = 2AE412CF214C3E3600395CD5 /* Locus.swift */; };
		2AE412D3214C410000395CD5 /* CLLocationCoordinate2D.swift in Sources */ = {isa = PBXBuildFile; fileRef = 2AE412D2214C410000395CD5 /* CLLocationCoordinate2D.swift */; };
/* End PBXBuildFile section */

/* Begin PBXFileReference section */
		2A4E3A16214D4CE30024EAA2 /* PopulationFrequencies.swift */ = {isa = PBXFileReference; lastKnownFileType = sourcecode.swift; path = PopulationFrequencies.swift; sourceTree = "<group>"; };
		2A8392AD214D29E9004EE7D2 /* MatrixKit.framework */ = {isa = PBXFileReference; explicitFileType = wrapper.framework; path = MatrixKit.framework; sourceTree = BUILT_PRODUCTS_DIR; };
		2A9E82FE214C46CD005C39E1 /* arapat.csv */ = {isa = PBXFileReference; fileEncoding = 4; lastKnownFileType = text; path = arapat.csv; sourceTree = "<group>"; };
		2AE41279214C3CB600395CD5 /* PopGenKit.framework */ = {isa = PBXFileReference; explicitFileType = wrapper.framework; includeInIndex = 0; path = PopGenKit.framework; sourceTree = BUILT_PRODUCTS_DIR; };
		2AE4127C214C3CB600395CD5 /* PopGenKit.h */ = {isa = PBXFileReference; lastKnownFileType = sourcecode.c.h; path = PopGenKit.h; sourceTree = "<group>"; };
		2AE4127D214C3CB600395CD5 /* Info.plist */ = {isa = PBXFileReference; lastKnownFileType = text.plist.xml; path = Info.plist; sourceTree = "<group>"; };
		2AE412C6214C3DF300395CD5 /* AnalysisBase.swift */ = {isa = PBXFileReference; fileEncoding = 4; lastKnownFileType = sourcecode.swift; path = AnalysisBase.swift; sourceTree = "<group>"; };
		2AE412C7214C3DF300395CD5 /* FileIO.swift */ = {isa = PBXFileReference; fileEncoding = 4; lastKnownFileType = sourcecode.swift; path = FileIO.swift; sourceTree = "<group>"; };
		2AE412C8214C3DF300395CD5 /* Frequencies.swift */ = {isa = PBXFileReference; fileEncoding = 4; lastKnownFileType = sourcecode.swift; path = Frequencies.swift; sourceTree = "<group>"; };
		2AE412C9214C3DF300395CD5 /* Individual.swift */ = {isa = PBXFileReference; fileEncoding = 4; lastKnownFileType = sourcecode.swift; path = Individual.swift; sourceTree = "<group>"; };
		2AE412CE214C3E3600395CD5 /* Population.swift */ = {isa = PBXFileReference; fileEncoding = 4; lastKnownFileType = sourcecode.swift; path = Population.swift; sourceTree = "<group>"; };
		2AE412CF214C3E3600395CD5 /* Locus.swift */ = {isa = PBXFileReference; fileEncoding = 4; lastKnownFileType = sourcecode.swift; path = Locus.swift; sourceTree = "<group>"; };
		2AE412D2214C410000395CD5 /* CLLocationCoordinate2D.swift */ = {isa = PBXFileReference; lastKnownFileType = sourcecode.swift; path = CLLocationCoordinate2D.swift; sourceTree = "<group>"; };
/* End PBXFileReference section */

/* Begin PBXFrameworksBuildPhase section */
		2AE41275214C3CB600395CD5 /* Frameworks */ = {
			isa = PBXFrameworksBuildPhase;
			buildActionMask = 2147483647;
			files = (
				2A8392AE214D29E9004EE7D2 /* MatrixKit.framework in Frameworks */,
			);
			runOnlyForDeploymentPostprocessing = 0;
		};
/* End PBXFrameworksBuildPhase section */

/* Begin PBXGroup section */
		2A8392AC214D29E8004EE7D2 /* Frameworks */ = {
			isa = PBXGroup;
			children = (
				2A8392AD214D29E9004EE7D2 /* MatrixKit.framework */,
			);
			name = Frameworks;
			sourceTree = "<group>";
		};
		2A9E82FA214C4667005C39E1 /* Genetics */ = {
			isa = PBXGroup;
			children = (
				2AE412CF214C3E3600395CD5 /* Locus.swift */,
				2AE412C9214C3DF300395CD5 /* Individual.swift */,
				2AE412CE214C3E3600395CD5 /* Population.swift */,
			);
			path = Genetics;
			sourceTree = "<group>";
		};
		2A9E82FB214C4678005C39E1 /* Analyses */ = {
			isa = PBXGroup;
			children = (
				2AE412C6214C3DF300395CD5 /* AnalysisBase.swift */,
				2AE412C8214C3DF300395CD5 /* Frequencies.swift */,
				2A4E3A16214D4CE30024EAA2 /* PopulationFrequencies.swift */,
			);
			path = Analyses;
			sourceTree = "<group>";
		};
		2A9E82FC214C4685005C39E1 /* IO */ = {
			isa = PBXGroup;
			children = (
				2AE412C7214C3DF300395CD5 /* FileIO.swift */,
			);
			path = IO;
			sourceTree = "<group>";
		};
		2A9E82FD214C468C005C39E1 /* Overrides */ = {
			isa = PBXGroup;
			children = (
				2AE412D2214C410000395CD5 /* CLLocationCoordinate2D.swift */,
			);
			path = Overrides;
			sourceTree = "<group>";
		};
		2AE4126F214C3CB600395CD5 = {
			isa = PBXGroup;
			children = (
				2AE4127B214C3CB600395CD5 /* PopGenKit */,
				2AE4127A214C3CB600395CD5 /* Products */,
				2A8392AC214D29E8004EE7D2 /* Frameworks */,
			);
			sourceTree = "<group>";
		};
		2AE4127A214C3CB600395CD5 /* Products */ = {
			isa = PBXGroup;
			children = (
				2AE41279214C3CB600395CD5 /* PopGenKit.framework */,
			);
			name = Products;
			sourceTree = "<group>";
		};
		2AE4127B214C3CB600395CD5 /* PopGenKit */ = {
			isa = PBXGroup;
			children = (
				2A9E82FE214C46CD005C39E1 /* arapat.csv */,
				2AE4127D214C3CB600395CD5 /* Info.plist */,
				2AE4127C214C3CB600395CD5 /* PopGenKit.h */,
				2A9E82FA214C4667005C39E1 /* Genetics */,
				2A9E82FB214C4678005C39E1 /* Analyses */,
				2A9E82FC214C4685005C39E1 /* IO */,
				2A9E82FD214C468C005C39E1 /* Overrides */,
			);
			path = PopGenKit;
			sourceTree = "<group>";
		};
/* End PBXGroup section */

/* Begin PBXHeadersBuildPhase section */
		2AE41276214C3CB600395CD5 /* Headers */ = {
			isa = PBXHeadersBuildPhase;
			buildActionMask = 2147483647;
			files = (
				2AE4128A214C3CB600395CD5 /* PopGenKit.h in Headers */,
			);
			runOnlyForDeploymentPostprocessing = 0;
		};
/* End PBXHeadersBuildPhase section */

/* Begin PBXNativeTarget section */
		2AE41278214C3CB600395CD5 /* PopGenKit */ = {
			isa = PBXNativeTarget;
			buildConfigurationList = 2AE4128D214C3CB600395CD5 /* Build configuration list for PBXNativeTarget "PopGenKit" */;
			buildPhases = (
				2AE41274214C3CB600395CD5 /* Sources */,
				2AE41275214C3CB600395CD5 /* Frameworks */,
				2AE41276214C3CB600395CD5 /* Headers */,
				2AE41277214C3CB600395CD5 /* Resources */,
			);
			buildRules = (
			);
			dependencies = (
			);
			name = PopGenKit;
			productName = PopGenKit;
			productReference = 2AE41279214C3CB600395CD5 /* PopGenKit.framework */;
			productType = "com.apple.product-type.framework";
		};
/* End PBXNativeTarget section */

/* Begin PBXProject section */
		2AE41270214C3CB600395CD5 /* Project object */ = {
			isa = PBXProject;
			attributes = {
				LastSwiftUpdateCheck = 0940;
				LastUpgradeCheck = 0940;
				ORGANIZATIONNAME = "Rodney Dyer";
				TargetAttributes = {
					2AE41278214C3CB600395CD5 = {
						CreatedOnToolsVersion = 9.4.1;
						LastSwiftMigration = 0940;
					};
				};
			};
			buildConfigurationList = 2AE41273214C3CB600395CD5 /* Build configuration list for PBXProject "PopGenKit" */;
			compatibilityVersion = "Xcode 9.3";
			developmentRegion = en;
			hasScannedForEncodings = 0;
			knownRegions = (
				en,
			);
			mainGroup = 2AE4126F214C3CB600395CD5;
			productRefGroup = 2AE4127A214C3CB600395CD5 /* Products */;
			projectDirPath = "";
			projectRoot = "";
			targets = (
				2AE41278214C3CB600395CD5 /* PopGenKit */,
			);
		};
/* End PBXProject section */

/* Begin PBXResourcesBuildPhase section */
		2AE41277214C3CB600395CD5 /* Resources */ = {
			isa = PBXResourcesBuildPhase;
			buildActionMask = 2147483647;
			files = (
				2A9E82FF214C46CD005C39E1 /* arapat.csv in Resources */,
			);
			runOnlyForDeploymentPostprocessing = 0;
		};
/* End PBXResourcesBuildPhase section */

/* Begin PBXSourcesBuildPhase section */
		2AE41274214C3CB600395CD5 /* Sources */ = {
			isa = PBXSourcesBuildPhase;
			buildActionMask = 2147483647;
			files = (
				2AE412D1214C3E3600395CD5 /* Locus.swift in Sources */,
				2AE412CD214C3DF300395CD5 /* Individual.swift in Sources */,
				2AE412CA214C3DF300395CD5 /* AnalysisBase.swift in Sources */,
				2A4E3A17214D4CE30024EAA2 /* PopulationFrequencies.swift in Sources */,
				2AE412CB214C3DF300395CD5 /* FileIO.swift in Sources */,
				2AE412CC214C3DF300395CD5 /* Frequencies.swift in Sources */,
				2AE412D0214C3E3600395CD5 /* Population.swift in Sources */,
				2AE412D3214C410000395CD5 /* CLLocationCoordinate2D.swift in Sources */,
			);
			runOnlyForDeploymentPostprocessing = 0;
		};
/* End PBXSourcesBuildPhase section */

/* Begin XCBuildConfiguration section */
		2AE4128B214C3CB600395CD5 /* Debug */ = {
			isa = XCBuildConfiguration;
			buildSettings = {
				ALWAYS_SEARCH_USER_PATHS = NO;
				CLANG_ANALYZER_NONNULL = YES;
				CLANG_ANALYZER_NUMBER_OBJECT_CONVERSION = YES_AGGRESSIVE;
				CLANG_CXX_LANGUAGE_STANDARD = "gnu++14";
				CLANG_CXX_LIBRARY = "libc++";
				CLANG_ENABLE_MODULES = YES;
				CLANG_ENABLE_OBJC_ARC = YES;
				CLANG_ENABLE_OBJC_WEAK = YES;
				CLANG_WARN_BLOCK_CAPTURE_AUTORELEASING = YES;
				CLANG_WARN_BOOL_CONVERSION = YES;
				CLANG_WARN_COMMA = YES;
				CLANG_WARN_CONSTANT_CONVERSION = YES;
				CLANG_WARN_DEPRECATED_OBJC_IMPLEMENTATIONS = YES;
				CLANG_WARN_DIRECT_OBJC_ISA_USAGE = YES_ERROR;
				CLANG_WARN_DOCUMENTATION_COMMENTS = YES;
				CLANG_WARN_EMPTY_BODY = YES;
				CLANG_WARN_ENUM_CONVERSION = YES;
				CLANG_WARN_INFINITE_RECURSION = YES;
				CLANG_WARN_INT_CONVERSION = YES;
				CLANG_WARN_NON_LITERAL_NULL_CONVERSION = YES;
				CLANG_WARN_OBJC_IMPLICIT_RETAIN_SELF = YES;
				CLANG_WARN_OBJC_LITERAL_CONVERSION = YES;
				CLANG_WARN_OBJC_ROOT_CLASS = YES_ERROR;
				CLANG_WARN_RANGE_LOOP_ANALYSIS = YES;
				CLANG_WARN_STRICT_PROTOTYPES = YES;
				CLANG_WARN_SUSPICIOUS_MOVE = YES;
				CLANG_WARN_UNGUARDED_AVAILABILITY = YES_AGGRESSIVE;
				CLANG_WARN_UNREACHABLE_CODE = YES;
				CLANG_WARN__DUPLICATE_METHOD_MATCH = YES;
				CODE_SIGN_IDENTITY = "Mac Developer";
				COPY_PHASE_STRIP = NO;
				CURRENT_PROJECT_VERSION = 1;
				DEBUG_INFORMATION_FORMAT = dwarf;
				ENABLE_STRICT_OBJC_MSGSEND = YES;
				ENABLE_TESTABILITY = YES;
				GCC_C_LANGUAGE_STANDARD = gnu11;
				GCC_DYNAMIC_NO_PIC = NO;
				GCC_NO_COMMON_BLOCKS = YES;
				GCC_OPTIMIZATION_LEVEL = 0;
				GCC_PREPROCESSOR_DEFINITIONS = (
					"DEBUG=1",
					"$(inherited)",
				);
				GCC_WARN_64_TO_32_BIT_CONVERSION = YES;
				GCC_WARN_ABOUT_RETURN_TYPE = YES_ERROR;
				GCC_WARN_UNDECLARED_SELECTOR = YES;
				GCC_WARN_UNINITIALIZED_AUTOS = YES_AGGRESSIVE;
				GCC_WARN_UNUSED_FUNCTION = YES;
				GCC_WARN_UNUSED_VARIABLE = YES;
				MACOSX_DEPLOYMENT_TARGET = 10.13;
				MTL_ENABLE_DEBUG_INFO = YES;
				ONLY_ACTIVE_ARCH = YES;
				SDKROOT = macosx;
				SWIFT_ACTIVE_COMPILATION_CONDITIONS = DEBUG;
				SWIFT_OPTIMIZATION_LEVEL = "-Onone";
				VERSIONING_SYSTEM = "apple-generic";
				VERSION_INFO_PREFIX = "";
			};
			name = Debug;
		};
		2AE4128C214C3CB600395CD5 /* Release */ = {
			isa = XCBuildConfiguration;
			buildSettings = {
				ALWAYS_SEARCH_USER_PATHS = NO;
				CLANG_ANALYZER_NONNULL = YES;
				CLANG_ANALYZER_NUMBER_OBJECT_CONVERSION = YES_AGGRESSIVE;
				CLANG_CXX_LANGUAGE_STANDARD = "gnu++14";
				CLANG_CXX_LIBRARY = "libc++";
				CLANG_ENABLE_MODULES = YES;
				CLANG_ENABLE_OBJC_ARC = YES;
				CLANG_ENABLE_OBJC_WEAK = YES;
				CLANG_WARN_BLOCK_CAPTURE_AUTORELEASING = YES;
				CLANG_WARN_BOOL_CONVERSION = YES;
				CLANG_WARN_COMMA = YES;
				CLANG_WARN_CONSTANT_CONVERSION = YES;
				CLANG_WARN_DEPRECATED_OBJC_IMPLEMENTATIONS = YES;
				CLANG_WARN_DIRECT_OBJC_ISA_USAGE = YES_ERROR;
				CLANG_WARN_DOCUMENTATION_COMMENTS = YES;
				CLANG_WARN_EMPTY_BODY = YES;
				CLANG_WARN_ENUM_CONVERSION = YES;
				CLANG_WARN_INFINITE_RECURSION = YES;
				CLANG_WARN_INT_CONVERSION = YES;
				CLANG_WARN_NON_LITERAL_NULL_CONVERSION = YES;
				CLANG_WARN_OBJC_IMPLICIT_RETAIN_SELF = YES;
				CLANG_WARN_OBJC_LITERAL_CONVERSION = YES;
				CLANG_WARN_OBJC_ROOT_CLASS = YES_ERROR;
				CLANG_WARN_RANGE_LOOP_ANALYSIS = YES;
				CLANG_WARN_STRICT_PROTOTYPES = YES;
				CLANG_WARN_SUSPICIOUS_MOVE = YES;
				CLANG_WARN_UNGUARDED_AVAILABILITY = YES_AGGRESSIVE;
				CLANG_WARN_UNREACHABLE_CODE = YES;
				CLANG_WARN__DUPLICATE_METHOD_MATCH = YES;
				CODE_SIGN_IDENTITY = "Mac Developer";
				COPY_PHASE_STRIP = NO;
				CURRENT_PROJECT_VERSION = 1;
				DEBUG_INFORMATION_FORMAT = "dwarf-with-dsym";
				ENABLE_NS_ASSERTIONS = NO;
				ENABLE_STRICT_OBJC_MSGSEND = YES;
				GCC_C_LANGUAGE_STANDARD = gnu11;
				GCC_NO_COMMON_BLOCKS = YES;
				GCC_WARN_64_TO_32_BIT_CONVERSION = YES;
				GCC_WARN_ABOUT_RETURN_TYPE = YES_ERROR;
				GCC_WARN_UNDECLARED_SELECTOR = YES;
				GCC_WARN_UNINITIALIZED_AUTOS = YES_AGGRESSIVE;
				GCC_WARN_UNUSED_FUNCTION = YES;
				GCC_WARN_UNUSED_VARIABLE = YES;
				MACOSX_DEPLOYMENT_TARGET = 10.13;
				MTL_ENABLE_DEBUG_INFO = NO;
				SDKROOT = macosx;
				SWIFT_COMPILATION_MODE = wholemodule;
				SWIFT_OPTIMIZATION_LEVEL = "-O";
				VERSIONING_SYSTEM = "apple-generic";
				VERSION_INFO_PREFIX = "";
			};
			name = Release;
		};
		2AE4128E214C3CB600395CD5 /* Debug */ = {
			isa = XCBuildConfiguration;
			buildSettings = {
				CLANG_ENABLE_MODULES = YES;
				CODE_SIGN_IDENTITY = "";
				CODE_SIGN_STYLE = Automatic;
				COMBINE_HIDPI_IMAGES = YES;
				DEFINES_MODULE = YES;
				DEVELOPMENT_TEAM = 626QFAP74Z;
				DYLIB_COMPATIBILITY_VERSION = 1;
				DYLIB_CURRENT_VERSION = 1;
				DYLIB_INSTALL_NAME_BASE = "@rpath";
				FRAMEWORK_VERSION = A;
				INFOPLIST_FILE = PopGenKit/Info.plist;
				INSTALL_PATH = "$(LOCAL_LIBRARY_DIR)/Frameworks";
				LD_RUNPATH_SEARCH_PATHS = (
					"$(inherited)",
					"@executable_path/../Frameworks",
					"@loader_path/Frameworks",
				);
				MACOSX_DEPLOYMENT_TARGET = 10.13;
				PRODUCT_BUNDLE_IDENTIFIER = com.dyerlab.PopGenKit;
				PRODUCT_NAME = "$(TARGET_NAME:c99extidentifier)";
				SKIP_INSTALL = YES;
				SWIFT_OPTIMIZATION_LEVEL = "-Onone";
				SWIFT_VERSION = 4.0;
			};
			name = Debug;
		};
		2AE4128F214C3CB600395CD5 /* Release */ = {
			isa = XCBuildConfiguration;
			buildSettings = {
				CLANG_ENABLE_MODULES = YES;
				CODE_SIGN_IDENTITY = "";
				CODE_SIGN_STYLE = Automatic;
				COMBINE_HIDPI_IMAGES = YES;
				DEFINES_MODULE = YES;
				DEVELOPMENT_TEAM = 626QFAP74Z;
				DYLIB_COMPATIBILITY_VERSION = 1;
				DYLIB_CURRENT_VERSION = 1;
				DYLIB_INSTALL_NAME_BASE = "@rpath";
				FRAMEWORK_VERSION = A;
				INFOPLIST_FILE = PopGenKit/Info.plist;
				INSTALL_PATH = "$(LOCAL_LIBRARY_DIR)/Frameworks";
				LD_RUNPATH_SEARCH_PATHS = (
					"$(inherited)",
					"@executable_path/../Frameworks",
					"@loader_path/Frameworks",
				);
				MACOSX_DEPLOYMENT_TARGET = 10.13;
				PRODUCT_BUNDLE_IDENTIFIER = com.dyerlab.PopGenKit;
				PRODUCT_NAME = "$(TARGET_NAME:c99extidentifier)";
				SKIP_INSTALL = YES;
				SWIFT_VERSION = 4.0;
			};
			name = Release;
		};
/* End XCBuildConfiguration section */

/* Begin XCConfigurationList section */
		2AE41273214C3CB600395CD5 /* Build configuration list for PBXProject "PopGenKit" */ = {
			isa = XCConfigurationList;
			buildConfigurations = (
				2AE4128B214C3CB600395CD5 /* Debug */,
				2AE4128C214C3CB600395CD5 /* Release */,
			);
			defaultConfigurationIsVisible = 0;
			defaultConfigurationName = Release;
		};
		2AE4128D214C3CB600395CD5 /* Build configuration list for PBXNativeTarget "PopGenKit" */ = {
			isa = XCConfigurationList;
			buildConfigurations = (
				2AE4128E214C3CB600395CD5 /* Debug */,
				2AE4128F214C3CB600395CD5 /* Release */,
			);
			defaultConfigurationIsVisible = 0;
			defaultConfigurationName = Release;
		};
/* End XCConfigurationList section */
	};
	rootObject = 2AE41270214C3CB600395CD5 /* Project object */;
}
