// !$*UTF8*$!
{
	archiveVersion = 1;
	classes = {
	};
	objectVersion = 50;
	objects = {

/* Begin PBXBuildFile section */
		2A762C1B2159415D00D9D5E7 /* LophoGraph.swift in Sources */ = {isa = PBXBuildFile; fileRef = 2A762C1A2159415D00D9D5E7 /* LophoGraph.swift */; };
		2A762C1E215959C700D9D5E7 /* LayoutFR.swift in Sources */ = {isa = PBXBuildFile; fileRef = 2A762C1D215959C700D9D5E7 /* LayoutFR.swift */; };
		2A79FFD9215D2AFD008A47EA /* HumanGraph.json in Resources */ = {isa = PBXBuildFile; fileRef = 2A79FFD8215D2AFD008A47EA /* HumanGraph.json */; };
		2AA56472214E7EAF00462270 /* Centrality.swift in Sources */ = {isa = PBXBuildFile; fileRef = 2AA56471214E7EAF00462270 /* Centrality.swift */; };
		2AA56474214E83B700462270 /* Path.swift in Sources */ = {isa = PBXBuildFile; fileRef = 2AA56473214E83B700462270 /* Path.swift */; };
		2AA56476214E842700462270 /* ShortestDistance.swift in Sources */ = {isa = PBXBuildFile; fileRef = 2AA56475214E842700462270 /* ShortestDistance.swift */; };
		2AA860402156E3D900DA17B8 /* MatrixKit.framework in Frameworks */ = {isa = PBXBuildFile; fileRef = 2AA8603F2156E3CB00DA17B8 /* MatrixKit.framework */; };
		2AFAAAA0214C5D3A00FCC14F /* PopGraphKit.h in Headers */ = {isa = PBXBuildFile; fileRef = 2AFAAA9E214C5D3A00FCC14F /* PopGraphKit.h */; settings = {ATTRIBUTES = (Public, ); }; };
		2AFAAAA7214C5FF500FCC14F /* Node.swift in Sources */ = {isa = PBXBuildFile; fileRef = 2AFAAAA6214C5FF500FCC14F /* Node.swift */; };
		2AFAAAA9214C603600FCC14F /* Edge.swift in Sources */ = {isa = PBXBuildFile; fileRef = 2AFAAAA8214C603600FCC14F /* Edge.swift */; };
		2AFAAAAB214C606A00FCC14F /* Graph.swift in Sources */ = {isa = PBXBuildFile; fileRef = 2AFAAAAA214C606A00FCC14F /* Graph.swift */; };
/* End PBXBuildFile section */

/* Begin PBXContainerItemProxy section */
		2AA8603E2156E3CB00DA17B8 /* PBXContainerItemProxy */ = {
			isa = PBXContainerItemProxy;
			containerPortal = 2AA8603A2156E3CB00DA17B8 /* MatrixKit.xcodeproj */;
			proxyType = 2;
			remoteGlobalIDString = 2AC84CE3214BD9D900E5A226;
			remoteInfo = MatrixKit;
		};
/* End PBXContainerItemProxy section */

/* Begin PBXFileReference section */
		2A762C1A2159415D00D9D5E7 /* LophoGraph.swift */ = {isa = PBXFileReference; lastKnownFileType = sourcecode.swift; path = LophoGraph.swift; sourceTree = "<group>"; };
		2A762C1D215959C700D9D5E7 /* LayoutFR.swift */ = {isa = PBXFileReference; lastKnownFileType = sourcecode.swift; path = LayoutFR.swift; sourceTree = "<group>"; };
		2A79FFD8215D2AFD008A47EA /* HumanGraph.json */ = {isa = PBXFileReference; lastKnownFileType = text.json; path = HumanGraph.json; sourceTree = "<group>"; };
		2AA5646F214E7DB200462270 /* MatrixKit.framework */ = {isa = PBXFileReference; explicitFileType = wrapper.framework; path = MatrixKit.framework; sourceTree = BUILT_PRODUCTS_DIR; };
		2AA56471214E7EAF00462270 /* Centrality.swift */ = {isa = PBXFileReference; lastKnownFileType = sourcecode.swift; path = Centrality.swift; sourceTree = "<group>"; };
		2AA56473214E83B700462270 /* Path.swift */ = {isa = PBXFileReference; lastKnownFileType = sourcecode.swift; path = Path.swift; sourceTree = "<group>"; };
		2AA56475214E842700462270 /* ShortestDistance.swift */ = {isa = PBXFileReference; lastKnownFileType = sourcecode.swift; path = ShortestDistance.swift; sourceTree = "<group>"; };
		2AA8603A2156E3CB00DA17B8 /* MatrixKit.xcodeproj */ = {isa = PBXFileReference; lastKnownFileType = "wrapper.pb-project"; name = MatrixKit.xcodeproj; path = ../MatrixKit/MatrixKit.xcodeproj; sourceTree = "<group>"; };
		2AFAAA9B214C5D3A00FCC14F /* PopGraphKit.framework */ = {isa = PBXFileReference; explicitFileType = wrapper.framework; includeInIndex = 0; path = PopGraphKit.framework; sourceTree = BUILT_PRODUCTS_DIR; };
		2AFAAA9E214C5D3A00FCC14F /* PopGraphKit.h */ = {isa = PBXFileReference; lastKnownFileType = sourcecode.c.h; path = PopGraphKit.h; sourceTree = "<group>"; };
		2AFAAA9F214C5D3A00FCC14F /* Info.plist */ = {isa = PBXFileReference; lastKnownFileType = text.plist.xml; path = Info.plist; sourceTree = "<group>"; };
		2AFAAAA6214C5FF500FCC14F /* Node.swift */ = {isa = PBXFileReference; lastKnownFileType = sourcecode.swift; path = Node.swift; sourceTree = "<group>"; };
		2AFAAAA8214C603600FCC14F /* Edge.swift */ = {isa = PBXFileReference; lastKnownFileType = sourcecode.swift; path = Edge.swift; sourceTree = "<group>"; };
		2AFAAAAA214C606A00FCC14F /* Graph.swift */ = {isa = PBXFileReference; lastKnownFileType = sourcecode.swift; path = Graph.swift; sourceTree = "<group>"; };
/* End PBXFileReference section */

/* Begin PBXFrameworksBuildPhase section */
		2AFAAA97214C5D3A00FCC14F /* Frameworks */ = {
			isa = PBXFrameworksBuildPhase;
			buildActionMask = 2147483647;
			files = (
				2AA860402156E3D900DA17B8 /* MatrixKit.framework in Frameworks */,
			);
			runOnlyForDeploymentPostprocessing = 0;
		};
/* End PBXFrameworksBuildPhase section */

/* Begin PBXGroup section */
		2AA5646E214E7DB200462270 /* Frameworks */ = {
			isa = PBXGroup;
			children = (
				2AA8603A2156E3CB00DA17B8 /* MatrixKit.xcodeproj */,
				2AA5646F214E7DB200462270 /* MatrixKit.framework */,
			);
			name = Frameworks;
			sourceTree = "<group>";
		};
		2AA8603B2156E3CB00DA17B8 /* Products */ = {
			isa = PBXGroup;
			children = (
				2AA8603F2156E3CB00DA17B8 /* MatrixKit.framework */,
			);
			name = Products;
			sourceTree = "<group>";
		};
		2AFAAA91214C5D3A00FCC14F = {
			isa = PBXGroup;
			children = (
				2AFAAA9D214C5D3A00FCC14F /* PopGraphKit */,
				2AFAAA9C214C5D3A00FCC14F /* Products */,
				2AA5646E214E7DB200462270 /* Frameworks */,
			);
			sourceTree = "<group>";
		};
		2AFAAA9C214C5D3A00FCC14F /* Products */ = {
			isa = PBXGroup;
			children = (
				2AFAAA9B214C5D3A00FCC14F /* PopGraphKit.framework */,
			);
			name = Products;
			sourceTree = "<group>";
		};
		2AFAAA9D214C5D3A00FCC14F /* PopGraphKit */ = {
			isa = PBXGroup;
			children = (
				2A79FFD8215D2AFD008A47EA /* HumanGraph.json */,
				2AFAAA9E214C5D3A00FCC14F /* PopGraphKit.h */,
				2AFAAA9F214C5D3A00FCC14F /* Info.plist */,
				2AFAAAA6214C5FF500FCC14F /* Node.swift */,
				2AFAAAA8214C603600FCC14F /* Edge.swift */,
				2AFAAAAA214C606A00FCC14F /* Graph.swift */,
				2AA56471214E7EAF00462270 /* Centrality.swift */,
				2AA56473214E83B700462270 /* Path.swift */,
				2AA56475214E842700462270 /* ShortestDistance.swift */,
				2A762C1A2159415D00D9D5E7 /* LophoGraph.swift */,
				2A762C1D215959C700D9D5E7 /* LayoutFR.swift */,
			);
			path = PopGraphKit;
			sourceTree = "<group>";
		};
/* End PBXGroup section */

/* Begin PBXHeadersBuildPhase section */
		2AFAAA98214C5D3A00FCC14F /* Headers */ = {
			isa = PBXHeadersBuildPhase;
			buildActionMask = 2147483647;
			files = (
				2AFAAAA0214C5D3A00FCC14F /* PopGraphKit.h in Headers */,
			);
			runOnlyForDeploymentPostprocessing = 0;
		};
/* End PBXHeadersBuildPhase section */

/* Begin PBXNativeTarget section */
		2AFAAA9A214C5D3A00FCC14F /* PopGraphKit */ = {
			isa = PBXNativeTarget;
			buildConfigurationList = 2AFAAAA3214C5D3A00FCC14F /* Build configuration list for PBXNativeTarget "PopGraphKit" */;
			buildPhases = (
				2AFAAA96214C5D3A00FCC14F /* Sources */,
				2AFAAA97214C5D3A00FCC14F /* Frameworks */,
				2AFAAA98214C5D3A00FCC14F /* Headers */,
				2AFAAA99214C5D3A00FCC14F /* Resources */,
			);
			buildRules = (
			);
			dependencies = (
			);
			name = PopGraphKit;
			productName = PopGraphKit;
			productReference = 2AFAAA9B214C5D3A00FCC14F /* PopGraphKit.framework */;
			productType = "com.apple.product-type.framework";
		};
/* End PBXNativeTarget section */

/* Begin PBXProject section */
		2AFAAA92214C5D3A00FCC14F /* Project object */ = {
			isa = PBXProject;
			attributes = {
				LastUpgradeCheck = 0940;
				ORGANIZATIONNAME = "Rodney Dyer";
				TargetAttributes = {
					2AFAAA9A214C5D3A00FCC14F = {
						CreatedOnToolsVersion = 9.4.1;
						LastSwiftMigration = 1000;
					};
				};
			};
			buildConfigurationList = 2AFAAA95214C5D3A00FCC14F /* Build configuration list for PBXProject "PopGraphKit" */;
			compatibilityVersion = "Xcode 9.3";
			developmentRegion = en;
			hasScannedForEncodings = 0;
			knownRegions = (
				en,
			);
			mainGroup = 2AFAAA91214C5D3A00FCC14F;
			productRefGroup = 2AFAAA9C214C5D3A00FCC14F /* Products */;
			projectDirPath = "";
			projectReferences = (
				{
					ProductGroup = 2AA8603B2156E3CB00DA17B8 /* Products */;
					ProjectRef = 2AA8603A2156E3CB00DA17B8 /* MatrixKit.xcodeproj */;
				},
			);
			projectRoot = "";
			targets = (
				2AFAAA9A214C5D3A00FCC14F /* PopGraphKit */,
			);
		};
/* End PBXProject section */

/* Begin PBXReferenceProxy section */
		2AA8603F2156E3CB00DA17B8 /* MatrixKit.framework */ = {
			isa = PBXReferenceProxy;
			fileType = wrapper.framework;
			path = MatrixKit.framework;
			remoteRef = 2AA8603E2156E3CB00DA17B8 /* PBXContainerItemProxy */;
			sourceTree = BUILT_PRODUCTS_DIR;
		};
/* End PBXReferenceProxy section */

/* Begin PBXResourcesBuildPhase section */
		2AFAAA99214C5D3A00FCC14F /* Resources */ = {
			isa = PBXResourcesBuildPhase;
			buildActionMask = 2147483647;
			files = (
				2A79FFD9215D2AFD008A47EA /* HumanGraph.json in Resources */,
			);
			runOnlyForDeploymentPostprocessing = 0;
		};
/* End PBXResourcesBuildPhase section */

/* Begin PBXSourcesBuildPhase section */
		2AFAAA96214C5D3A00FCC14F /* Sources */ = {
			isa = PBXSourcesBuildPhase;
			buildActionMask = 2147483647;
			files = (
				2AA56472214E7EAF00462270 /* Centrality.swift in Sources */,
				2AA56476214E842700462270 /* ShortestDistance.swift in Sources */,
				2A762C1B2159415D00D9D5E7 /* LophoGraph.swift in Sources */,
				2AFAAAAB214C606A00FCC14F /* Graph.swift in Sources */,
				2AFAAAA9214C603600FCC14F /* Edge.swift in Sources */,
				2AA56474214E83B700462270 /* Path.swift in Sources */,
				2AFAAAA7214C5FF500FCC14F /* Node.swift in Sources */,
				2A762C1E215959C700D9D5E7 /* LayoutFR.swift in Sources */,
			);
			runOnlyForDeploymentPostprocessing = 0;
		};
/* End PBXSourcesBuildPhase section */

/* Begin XCBuildConfiguration section */
		2AFAAAA1214C5D3A00FCC14F /* Debug */ = {
			isa = XCBuildConfiguration;
			buildSettings = {
				ALWAYS_SEARCH_USER_PATHS = NO;
				CLANG_ANALYZER_NONNULL = YES;
				CLANG_ANALYZER_NUMBER_OBJECT_CONVERSION = YES_AGGRESSIVE;
				CLANG_CXX_LANGUAGE_STANDARD = "gnu++14";
				CLANG_CXX_LIBRARY = "libc++";
				CLANG_ENABLE_MODULES = YES;
				CLANG_ENABLE_OBJC_ARC = YES;
				CLANG_ENABLE_OBJC_WEAK = YES;
				CLANG_WARN_BLOCK_CAPTURE_AUTORELEASING = YES;
				CLANG_WARN_BOOL_CONVERSION = YES;
				CLANG_WARN_COMMA = YES;
				CLANG_WARN_CONSTANT_CONVERSION = YES;
				CLANG_WARN_DEPRECATED_OBJC_IMPLEMENTATIONS = YES;
				CLANG_WARN_DIRECT_OBJC_ISA_USAGE = YES_ERROR;
				CLANG_WARN_DOCUMENTATION_COMMENTS = YES;
				CLANG_WARN_EMPTY_BODY = YES;
				CLANG_WARN_ENUM_CONVERSION = YES;
				CLANG_WARN_INFINITE_RECURSION = YES;
				CLANG_WARN_INT_CONVERSION = YES;
				CLANG_WARN_NON_LITERAL_NULL_CONVERSION = YES;
				CLANG_WARN_OBJC_IMPLICIT_RETAIN_SELF = YES;
				CLANG_WARN_OBJC_LITERAL_CONVERSION = YES;
				CLANG_WARN_OBJC_ROOT_CLASS = YES_ERROR;
				CLANG_WARN_RANGE_LOOP_ANALYSIS = YES;
				CLANG_WARN_STRICT_PROTOTYPES = YES;
				CLANG_WARN_SUSPICIOUS_MOVE = YES;
				CLANG_WARN_UNGUARDED_AVAILABILITY = YES_AGGRESSIVE;
				CLANG_WARN_UNREACHABLE_CODE = YES;
				CLANG_WARN__DUPLICATE_METHOD_MATCH = YES;
				CODE_SIGN_IDENTITY = "Mac Developer";
				COPY_PHASE_STRIP = NO;
				CURRENT_PROJECT_VERSION = 1;
				DEBUG_INFORMATION_FORMAT = dwarf;
				ENABLE_STRICT_OBJC_MSGSEND = YES;
				ENABLE_TESTABILITY = YES;
				GCC_C_LANGUAGE_STANDARD = gnu11;
				GCC_DYNAMIC_NO_PIC = NO;
				GCC_NO_COMMON_BLOCKS = YES;
				GCC_OPTIMIZATION_LEVEL = 0;
				GCC_PREPROCESSOR_DEFINITIONS = (
					"DEBUG=1",
					"$(inherited)",
				);
				GCC_WARN_64_TO_32_BIT_CONVERSION = YES;
				GCC_WARN_ABOUT_RETURN_TYPE = YES_ERROR;
				GCC_WARN_UNDECLARED_SELECTOR = YES;
				GCC_WARN_UNINITIALIZED_AUTOS = YES_AGGRESSIVE;
				GCC_WARN_UNUSED_FUNCTION = YES;
				GCC_WARN_UNUSED_VARIABLE = YES;
				MACOSX_DEPLOYMENT_TARGET = 10.14;
				MTL_ENABLE_DEBUG_INFO = YES;
				ONLY_ACTIVE_ARCH = YES;
				SDKROOT = macosx;
				SWIFT_ACTIVE_COMPILATION_CONDITIONS = DEBUG;
				SWIFT_OPTIMIZATION_LEVEL = "-Onone";
				VERSIONING_SYSTEM = "apple-generic";
				VERSION_INFO_PREFIX = "";
			};
			name = Debug;
		};
		2AFAAAA2214C5D3A00FCC14F /* Release */ = {
			isa = XCBuildConfiguration;
			buildSettings = {
				ALWAYS_SEARCH_USER_PATHS = NO;
				CLANG_ANALYZER_NONNULL = YES;
				CLANG_ANALYZER_NUMBER_OBJECT_CONVERSION = YES_AGGRESSIVE;
				CLANG_CXX_LANGUAGE_STANDARD = "gnu++14";
				CLANG_CXX_LIBRARY = "libc++";
				CLANG_ENABLE_MODULES = YES;
				CLANG_ENABLE_OBJC_ARC = YES;
				CLANG_ENABLE_OBJC_WEAK = YES;
				CLANG_WARN_BLOCK_CAPTURE_AUTORELEASING = YES;
				CLANG_WARN_BOOL_CONVERSION = YES;
				CLANG_WARN_COMMA = YES;
				CLANG_WARN_CONSTANT_CONVERSION = YES;
				CLANG_WARN_DEPRECATED_OBJC_IMPLEMENTATIONS = YES;
				CLANG_WARN_DIRECT_OBJC_ISA_USAGE = YES_ERROR;
				CLANG_WARN_DOCUMENTATION_COMMENTS = YES;
				CLANG_WARN_EMPTY_BODY = YES;
				CLANG_WARN_ENUM_CONVERSION = YES;
				CLANG_WARN_INFINITE_RECURSION = YES;
				CLANG_WARN_INT_CONVERSION = YES;
				CLANG_WARN_NON_LITERAL_NULL_CONVERSION = YES;
				CLANG_WARN_OBJC_IMPLICIT_RETAIN_SELF = YES;
				CLANG_WARN_OBJC_LITERAL_CONVERSION = YES;
				CLANG_WARN_OBJC_ROOT_CLASS = YES_ERROR;
				CLANG_WARN_RANGE_LOOP_ANALYSIS = YES;
				CLANG_WARN_STRICT_PROTOTYPES = YES;
				CLANG_WARN_SUSPICIOUS_MOVE = YES;
				CLANG_WARN_UNGUARDED_AVAILABILITY = YES_AGGRESSIVE;
				CLANG_WARN_UNREACHABLE_CODE = YES;
				CLANG_WARN__DUPLICATE_METHOD_MATCH = YES;
				CODE_SIGN_IDENTITY = "Mac Developer";
				COPY_PHASE_STRIP = NO;
				CURRENT_PROJECT_VERSION = 1;
				DEBUG_INFORMATION_FORMAT = "dwarf-with-dsym";
				ENABLE_NS_ASSERTIONS = NO;
				ENABLE_STRICT_OBJC_MSGSEND = YES;
				GCC_C_LANGUAGE_STANDARD = gnu11;
				GCC_NO_COMMON_BLOCKS = YES;
				GCC_WARN_64_TO_32_BIT_CONVERSION = YES;
				GCC_WARN_ABOUT_RETURN_TYPE = YES_ERROR;
				GCC_WARN_UNDECLARED_SELECTOR = YES;
				GCC_WARN_UNINITIALIZED_AUTOS = YES_AGGRESSIVE;
				GCC_WARN_UNUSED_FUNCTION = YES;
				GCC_WARN_UNUSED_VARIABLE = YES;
				MACOSX_DEPLOYMENT_TARGET = 10.14;
				MTL_ENABLE_DEBUG_INFO = NO;
				SDKROOT = macosx;
				SWIFT_COMPILATION_MODE = wholemodule;
				SWIFT_OPTIMIZATION_LEVEL = "-O";
				VERSIONING_SYSTEM = "apple-generic";
				VERSION_INFO_PREFIX = "";
			};
			name = Release;
		};
		2AFAAAA4214C5D3A00FCC14F /* Debug */ = {
			isa = XCBuildConfiguration;
			buildSettings = {
				CLANG_ENABLE_MODULES = YES;
				CODE_SIGN_IDENTITY = "";
				CODE_SIGN_STYLE = Automatic;
				COMBINE_HIDPI_IMAGES = YES;
				DEFINES_MODULE = YES;
				DEVELOPMENT_TEAM = 626QFAP74Z;
				DYLIB_COMPATIBILITY_VERSION = 1;
				DYLIB_CURRENT_VERSION = 1;
				DYLIB_INSTALL_NAME_BASE = "@rpath";
				FRAMEWORK_VERSION = A;
				INFOPLIST_FILE = PopGraphKit/Info.plist;
				INSTALL_PATH = "$(LOCAL_LIBRARY_DIR)/Frameworks";
				LD_RUNPATH_SEARCH_PATHS = (
					"$(inherited)",
					"@executable_path/../Frameworks",
					"@loader_path/Frameworks",
				);
				MACOSX_DEPLOYMENT_TARGET = 10.13;
				PRODUCT_BUNDLE_IDENTIFIER = com.dyerlab.PopGraphKit;
				PRODUCT_NAME = "$(TARGET_NAME:c99extidentifier)";
				SKIP_INSTALL = YES;
				SWIFT_OPTIMIZATION_LEVEL = "-Onone";
				SWIFT_VERSION = 4.2;
			};
			name = Debug;
		};
		2AFAAAA5214C5D3A00FCC14F /* Release */ = {
			isa = XCBuildConfiguration;
			buildSettings = {
				CLANG_ENABLE_MODULES = YES;
				CODE_SIGN_IDENTITY = "";
				CODE_SIGN_STYLE = Automatic;
				COMBINE_HIDPI_IMAGES = YES;
				DEFINES_MODULE = YES;
				DEVELOPMENT_TEAM = 626QFAP74Z;
				DYLIB_COMPATIBILITY_VERSION = 1;
				DYLIB_CURRENT_VERSION = 1;
				DYLIB_INSTALL_NAME_BASE = "@rpath";
				FRAMEWORK_VERSION = A;
				INFOPLIST_FILE = PopGraphKit/Info.plist;
				INSTALL_PATH = "$(LOCAL_LIBRARY_DIR)/Frameworks";
				LD_RUNPATH_SEARCH_PATHS = (
					"$(inherited)",
					"@executable_path/../Frameworks",
					"@loader_path/Frameworks",
				);
				MACOSX_DEPLOYMENT_TARGET = 10.13;
				PRODUCT_BUNDLE_IDENTIFIER = com.dyerlab.PopGraphKit;
				PRODUCT_NAME = "$(TARGET_NAME:c99extidentifier)";
				SKIP_INSTALL = YES;
				SWIFT_VERSION = 4.2;
			};
			name = Release;
		};
/* End XCBuildConfiguration section */

/* Begin XCConfigurationList section */
		2AFAAA95214C5D3A00FCC14F /* Build configuration list for PBXProject "PopGraphKit" */ = {
			isa = XCConfigurationList;
			buildConfigurations = (
				2AFAAAA1214C5D3A00FCC14F /* Debug */,
				2AFAAAA2214C5D3A00FCC14F /* Release */,
			);
			defaultConfigurationIsVisible = 0;
			defaultConfigurationName = Release;
		};
		2AFAAAA3214C5D3A00FCC14F /* Build configuration list for PBXNativeTarget "PopGraphKit" */ = {
			isa = XCConfigurationList;
			buildConfigurations = (
				2AFAAAA4214C5D3A00FCC14F /* Debug */,
				2AFAAAA5214C5D3A00FCC14F /* Release */,
			);
			defaultConfigurationIsVisible = 0;
			defaultConfigurationName = Release;
		};
/* End XCConfigurationList section */
	};
	rootObject = 2AFAAA92214C5D3A00FCC14F /* Project object */;
}
