// !$*UTF8*$!
{
	archiveVersion = 1;
	classes = {
	};
	objectVersion = 50;
	objects = {

/* Begin PBXBuildFile section */
		2A0FA36121A03C3500BAF6B5 /* AppDelegate.swift in Sources */ = {isa = PBXBuildFile; fileRef = 2A0FA36021A03C3500BAF6B5 /* AppDelegate.swift */; };
		2A0FA36521A03C3500BAF6B5 /* Document.swift in Sources */ = {isa = PBXBuildFile; fileRef = 2A0FA36421A03C3500BAF6B5 /* Document.swift */; };
		2A0FA36721A03C3700BAF6B5 /* Assets.xcassets in Resources */ = {isa = PBXBuildFile; fileRef = 2A0FA36621A03C3700BAF6B5 /* Assets.xcassets */; };
		2A0FA36A21A03C3700BAF6B5 /* Main.storyboard in Resources */ = {isa = PBXBuildFile; fileRef = 2A0FA36821A03C3700BAF6B5 /* Main.storyboard */; };
		2A0FA37621A03C3700BAF6B5 /* populationgraphsTests.swift in Sources */ = {isa = PBXBuildFile; fileRef = 2A0FA37521A03C3700BAF6B5 /* populationgraphsTests.swift */; };
		2A0FA38321A0401D00BAF6B5 /* Node.swift in Sources */ = {isa = PBXBuildFile; fileRef = 2A0FA38221A0401D00BAF6B5 /* Node.swift */; };
		2A0FA38521A040CC00BAF6B5 /* Graph.swift in Sources */ = {isa = PBXBuildFile; fileRef = 2A0FA38421A040CC00BAF6B5 /* Graph.swift */; };
		2A53CB1F21B7FB0400A3A9E4 /* GraphOps.swift in Sources */ = {isa = PBXBuildFile; fileRef = 2A53CB1E21B7FB0400A3A9E4 /* GraphOps.swift */; };
		2A6C545521A5FFDA001211B3 /* PopgraphViewController.swift in Sources */ = {isa = PBXBuildFile; fileRef = 2A6C545421A5FFDA001211B3 /* PopgraphViewController.swift */; };
		2AAE090721A3366900553F00 /* Edge.swift in Sources */ = {isa = PBXBuildFile; fileRef = 2AAE090621A3366900553F00 /* Edge.swift */; };
		2ABFC7D421BAC4A300E67170 /* NSColor.swift in Sources */ = {isa = PBXBuildFile; fileRef = 2ABFC7D321BAC4A300E67170 /* NSColor.swift */; };
		2ABFC7D621BAD63300E67170 /* CGColor.swift in Sources */ = {isa = PBXBuildFile; fileRef = 2ABFC7D521BAD63300E67170 /* CGColor.swift */; };
		2ADCA96F21A58CEB0052967F /* GraphScene.swift in Sources */ = {isa = PBXBuildFile; fileRef = 2ADCA96E21A58CEB0052967F /* GraphScene.swift */; };
		2ADCA97321A5A09A0052967F /* SCNVector3.swift in Sources */ = {isa = PBXBuildFile; fileRef = 2ADCA97221A5A09A0052967F /* SCNVector3.swift */; };
		2ADCA97521A5A0BB0052967F /* CGFloat.swift in Sources */ = {isa = PBXBuildFile; fileRef = 2ADCA97421A5A0BB0052967F /* CGFloat.swift */; };
		2ADCA97821A5BBA70052967F /* MainWindowController.swift in Sources */ = {isa = PBXBuildFile; fileRef = 2ADCA97721A5BBA70052967F /* MainWindowController.swift */; };
/* End PBXBuildFile section */

/* Begin PBXContainerItemProxy section */
		2A0FA37221A03C3700BAF6B5 /* PBXContainerItemProxy */ = {
			isa = PBXContainerItemProxy;
			containerPortal = 2A0FA35521A03C3500BAF6B5 /* Project object */;
			proxyType = 1;
			remoteGlobalIDString = 2A0FA35C21A03C3500BAF6B5;
			remoteInfo = populationgraphs;
		};
/* End PBXContainerItemProxy section */

/* Begin PBXFileReference section */
		2A0FA35D21A03C3500BAF6B5 /* populationgraphs.app */ = {isa = PBXFileReference; explicitFileType = wrapper.application; includeInIndex = 0; path = populationgraphs.app; sourceTree = BUILT_PRODUCTS_DIR; };
		2A0FA36021A03C3500BAF6B5 /* AppDelegate.swift */ = {isa = PBXFileReference; lastKnownFileType = sourcecode.swift; path = AppDelegate.swift; sourceTree = "<group>"; };
		2A0FA36421A03C3500BAF6B5 /* Document.swift */ = {isa = PBXFileReference; lastKnownFileType = sourcecode.swift; path = Document.swift; sourceTree = "<group>"; };
		2A0FA36621A03C3700BAF6B5 /* Assets.xcassets */ = {isa = PBXFileReference; lastKnownFileType = folder.assetcatalog; path = Assets.xcassets; sourceTree = "<group>"; };
		2A0FA36921A03C3700BAF6B5 /* Base */ = {isa = PBXFileReference; lastKnownFileType = file.storyboard; name = Base; path = Base.lproj/Main.storyboard; sourceTree = "<group>"; };
		2A0FA36B21A03C3700BAF6B5 /* Info.plist */ = {isa = PBXFileReference; lastKnownFileType = text.plist.xml; path = Info.plist; sourceTree = "<group>"; };
		2A0FA36C21A03C3700BAF6B5 /* populationgraphs.entitlements */ = {isa = PBXFileReference; lastKnownFileType = text.plist.entitlements; path = populationgraphs.entitlements; sourceTree = "<group>"; };
		2A0FA37121A03C3700BAF6B5 /* populationgraphsTests.xctest */ = {isa = PBXFileReference; explicitFileType = wrapper.cfbundle; includeInIndex = 0; path = populationgraphsTests.xctest; sourceTree = BUILT_PRODUCTS_DIR; };
		2A0FA37521A03C3700BAF6B5 /* populationgraphsTests.swift */ = {isa = PBXFileReference; lastKnownFileType = sourcecode.swift; path = populationgraphsTests.swift; sourceTree = "<group>"; };
		2A0FA37721A03C3700BAF6B5 /* Info.plist */ = {isa = PBXFileReference; lastKnownFileType = text.plist.xml; path = Info.plist; sourceTree = "<group>"; };
		2A0FA38221A0401D00BAF6B5 /* Node.swift */ = {isa = PBXFileReference; lastKnownFileType = sourcecode.swift; path = Node.swift; sourceTree = "<group>"; };
		2A0FA38421A040CC00BAF6B5 /* Graph.swift */ = {isa = PBXFileReference; lastKnownFileType = sourcecode.swift; path = Graph.swift; sourceTree = "<group>"; };
		2A53CB1E21B7FB0400A3A9E4 /* GraphOps.swift */ = {isa = PBXFileReference; lastKnownFileType = sourcecode.swift; path = GraphOps.swift; sourceTree = "<group>"; };
		2A6C545421A5FFDA001211B3 /* PopgraphViewController.swift */ = {isa = PBXFileReference; fileEncoding = 4; lastKnownFileType = sourcecode.swift; path = PopgraphViewController.swift; sourceTree = "<group>"; };
		2AAE090621A3366900553F00 /* Edge.swift */ = {isa = PBXFileReference; lastKnownFileType = sourcecode.swift; path = Edge.swift; sourceTree = "<group>"; };
		2ABFC7D321BAC4A300E67170 /* NSColor.swift */ = {isa = PBXFileReference; lastKnownFileType = sourcecode.swift; path = NSColor.swift; sourceTree = "<group>"; };
		2ABFC7D521BAD63300E67170 /* CGColor.swift */ = {isa = PBXFileReference; lastKnownFileType = sourcecode.swift; path = CGColor.swift; sourceTree = "<group>"; };
		2ADCA96E21A58CEB0052967F /* GraphScene.swift */ = {isa = PBXFileReference; lastKnownFileType = sourcecode.swift; path = GraphScene.swift; sourceTree = "<group>"; };
		2ADCA97221A5A09A0052967F /* SCNVector3.swift */ = {isa = PBXFileReference; lastKnownFileType = sourcecode.swift; path = SCNVector3.swift; sourceTree = "<group>"; };
		2ADCA97421A5A0BB0052967F /* CGFloat.swift */ = {isa = PBXFileReference; lastKnownFileType = sourcecode.swift; path = CGFloat.swift; sourceTree = "<group>"; };
		2ADCA97721A5BBA70052967F /* MainWindowController.swift */ = {isa = PBXFileReference; lastKnownFileType = sourcecode.swift; path = MainWindowController.swift; sourceTree = "<group>"; };
/* End PBXFileReference section */

/* Begin PBXFrameworksBuildPhase section */
		2A0FA35A21A03C3500BAF6B5 /* Frameworks */ = {
			isa = PBXFrameworksBuildPhase;
			buildActionMask = 2147483647;
			files = (
			);
			runOnlyForDeploymentPostprocessing = 0;
		};
		2A0FA36E21A03C3700BAF6B5 /* Frameworks */ = {
			isa = PBXFrameworksBuildPhase;
			buildActionMask = 2147483647;
			files = (
			);
			runOnlyForDeploymentPostprocessing = 0;
		};
/* End PBXFrameworksBuildPhase section */

/* Begin PBXGroup section */
		2A0FA35421A03C3500BAF6B5 = {
			isa = PBXGroup;
			children = (
				2A0FA35F21A03C3500BAF6B5 /* populationgraphs */,
				2A0FA37421A03C3700BAF6B5 /* populationgraphsTests */,
				2A0FA35E21A03C3500BAF6B5 /* Products */,
			);
			sourceTree = "<group>";
		};
		2A0FA35E21A03C3500BAF6B5 /* Products */ = {
			isa = PBXGroup;
			children = (
				2A0FA35D21A03C3500BAF6B5 /* populationgraphs.app */,
				2A0FA37121A03C3700BAF6B5 /* populationgraphsTests.xctest */,
			);
			name = Products;
			sourceTree = "<group>";
		};
		2A0FA35F21A03C3500BAF6B5 /* populationgraphs */ = {
			isa = PBXGroup;
			children = (
				2A0FA36021A03C3500BAF6B5 /* AppDelegate.swift */,
				2ADCA97721A5BBA70052967F /* MainWindowController.swift */,
				2A0FA36421A03C3500BAF6B5 /* Document.swift */,
				2A53CB1D21B7F18900A3A9E4 /* Graph */,
				2ADCA97621A5A0CA0052967F /* Extensions */,
				2A0FA36621A03C3700BAF6B5 /* Assets.xcassets */,
				2A0FA36821A03C3700BAF6B5 /* Main.storyboard */,
				2A0FA36B21A03C3700BAF6B5 /* Info.plist */,
				2A0FA36C21A03C3700BAF6B5 /* populationgraphs.entitlements */,
			);
			path = populationgraphs;
			sourceTree = "<group>";
		};
		2A0FA37421A03C3700BAF6B5 /* populationgraphsTests */ = {
			isa = PBXGroup;
			children = (
				2A0FA37521A03C3700BAF6B5 /* populationgraphsTests.swift */,
				2A0FA37721A03C3700BAF6B5 /* Info.plist */,
			);
			path = populationgraphsTests;
			sourceTree = "<group>";
		};
		2A53CB1D21B7F18900A3A9E4 /* Graph */ = {
			isa = PBXGroup;
			children = (
				2A6C545421A5FFDA001211B3 /* PopgraphViewController.swift */,
				2ADCA96E21A58CEB0052967F /* GraphScene.swift */,
				2A0FA38221A0401D00BAF6B5 /* Node.swift */,
				2AAE090621A3366900553F00 /* Edge.swift */,
				2A0FA38421A040CC00BAF6B5 /* Graph.swift */,
				2A53CB1E21B7FB0400A3A9E4 /* GraphOps.swift */,
			);
			path = Graph;
			sourceTree = "<group>";
		};
		2ADCA97621A5A0CA0052967F /* Extensions */ = {
			isa = PBXGroup;
			children = (
				2ADCA97221A5A09A0052967F /* SCNVector3.swift */,
				2ADCA97421A5A0BB0052967F /* CGFloat.swift */,
				2ABFC7D321BAC4A300E67170 /* NSColor.swift */,
				2ABFC7D521BAD63300E67170 /* CGColor.swift */,
			);
			path = Extensions;
			sourceTree = "<group>";
		};
/* End PBXGroup section */

/* Begin PBXNativeTarget section */
		2A0FA35C21A03C3500BAF6B5 /* populationgraphs */ = {
			isa = PBXNativeTarget;
			buildConfigurationList = 2A0FA37A21A03C3700BAF6B5 /* Build configuration list for PBXNativeTarget "populationgraphs" */;
			buildPhases = (
				2A0FA35921A03C3500BAF6B5 /* Sources */,
				2A0FA35A21A03C3500BAF6B5 /* Frameworks */,
				2A0FA35B21A03C3500BAF6B5 /* Resources */,
			);
			buildRules = (
			);
			dependencies = (
			);
			name = populationgraphs;
			productName = populationgraphs;
			productReference = 2A0FA35D21A03C3500BAF6B5 /* populationgraphs.app */;
			productType = "com.apple.product-type.application";
		};
		2A0FA37021A03C3700BAF6B5 /* populationgraphsTests */ = {
			isa = PBXNativeTarget;
			buildConfigurationList = 2A0FA37D21A03C3700BAF6B5 /* Build configuration list for PBXNativeTarget "populationgraphsTests" */;
			buildPhases = (
				2A0FA36D21A03C3700BAF6B5 /* Sources */,
				2A0FA36E21A03C3700BAF6B5 /* Frameworks */,
				2A0FA36F21A03C3700BAF6B5 /* Resources */,
			);
			buildRules = (
			);
			dependencies = (
				2A0FA37321A03C3700BAF6B5 /* PBXTargetDependency */,
			);
			name = populationgraphsTests;
			productName = populationgraphsTests;
			productReference = 2A0FA37121A03C3700BAF6B5 /* populationgraphsTests.xctest */;
			productType = "com.apple.product-type.bundle.unit-test";
		};
/* End PBXNativeTarget section */

/* Begin PBXProject section */
		2A0FA35521A03C3500BAF6B5 /* Project object */ = {
			isa = PBXProject;
			attributes = {
				LastSwiftUpdateCheck = 1010;
				LastUpgradeCheck = 1010;
				ORGANIZATIONNAME = "Rodney Dyer";
				TargetAttributes = {
					2A0FA35C21A03C3500BAF6B5 = {
						CreatedOnToolsVersion = 10.1;
					};
					2A0FA37021A03C3700BAF6B5 = {
						CreatedOnToolsVersion = 10.1;
						TestTargetID = 2A0FA35C21A03C3500BAF6B5;
					};
				};
			};
			buildConfigurationList = 2A0FA35821A03C3500BAF6B5 /* Build configuration list for PBXProject "populationgraphs" */;
			compatibilityVersion = "Xcode 9.3";
			developmentRegion = en;
			hasScannedForEncodings = 0;
			knownRegions = (
				en,
				Base,
			);
			mainGroup = 2A0FA35421A03C3500BAF6B5;
			productRefGroup = 2A0FA35E21A03C3500BAF6B5 /* Products */;
			projectDirPath = "";
			projectRoot = "";
			targets = (
				2A0FA35C21A03C3500BAF6B5 /* populationgraphs */,
				2A0FA37021A03C3700BAF6B5 /* populationgraphsTests */,
			);
		};
/* End PBXProject section */

/* Begin PBXResourcesBuildPhase section */
		2A0FA35B21A03C3500BAF6B5 /* Resources */ = {
			isa = PBXResourcesBuildPhase;
			buildActionMask = 2147483647;
			files = (
				2A0FA36721A03C3700BAF6B5 /* Assets.xcassets in Resources */,
				2A0FA36A21A03C3700BAF6B5 /* Main.storyboard in Resources */,
			);
			runOnlyForDeploymentPostprocessing = 0;
		};
		2A0FA36F21A03C3700BAF6B5 /* Resources */ = {
			isa = PBXResourcesBuildPhase;
			buildActionMask = 2147483647;
			files = (
			);
			runOnlyForDeploymentPostprocessing = 0;
		};
/* End PBXResourcesBuildPhase section */

/* Begin PBXSourcesBuildPhase section */
		2A0FA35921A03C3500BAF6B5 /* Sources */ = {
			isa = PBXSourcesBuildPhase;
			buildActionMask = 2147483647;
			files = (
				2A0FA38521A040CC00BAF6B5 /* Graph.swift in Sources */,
				2A6C545521A5FFDA001211B3 /* PopgraphViewController.swift in Sources */,
				2ADCA97321A5A09A0052967F /* SCNVector3.swift in Sources */,
				2A53CB1F21B7FB0400A3A9E4 /* GraphOps.swift in Sources */,
				2ABFC7D421BAC4A300E67170 /* NSColor.swift in Sources */,
				2ADCA97821A5BBA70052967F /* MainWindowController.swift in Sources */,
				2ABFC7D621BAD63300E67170 /* CGColor.swift in Sources */,
				2ADCA97521A5A0BB0052967F /* CGFloat.swift in Sources */,
				2AAE090721A3366900553F00 /* Edge.swift in Sources */,
				2A0FA38321A0401D00BAF6B5 /* Node.swift in Sources */,
				2A0FA36121A03C3500BAF6B5 /* AppDelegate.swift in Sources */,
				2A0FA36521A03C3500BAF6B5 /* Document.swift in Sources */,
				2ADCA96F21A58CEB0052967F /* GraphScene.swift in Sources */,
			);
			runOnlyForDeploymentPostprocessing = 0;
		};
		2A0FA36D21A03C3700BAF6B5 /* Sources */ = {
			isa = PBXSourcesBuildPhase;
			buildActionMask = 2147483647;
			files = (
				2A0FA37621A03C3700BAF6B5 /* populationgraphsTests.swift in Sources */,
			);
			runOnlyForDeploymentPostprocessing = 0;
		};
/* End PBXSourcesBuildPhase section */

/* Begin PBXTargetDependency section */
		2A0FA37321A03C3700BAF6B5 /* PBXTargetDependency */ = {
			isa = PBXTargetDependency;
			target = 2A0FA35C21A03C3500BAF6B5 /* populationgraphs */;
			targetProxy = 2A0FA37221A03C3700BAF6B5 /* PBXContainerItemProxy */;
		};
/* End PBXTargetDependency section */

/* Begin PBXVariantGroup section */
		2A0FA36821A03C3700BAF6B5 /* Main.storyboard */ = {
			isa = PBXVariantGroup;
			children = (
				2A0FA36921A03C3700BAF6B5 /* Base */,
			);
			name = Main.storyboard;
			sourceTree = "<group>";
		};
/* End PBXVariantGroup section */

/* Begin XCBuildConfiguration section */
		2A0FA37821A03C3700BAF6B5 /* Debug */ = {
			isa = XCBuildConfiguration;
			buildSettings = {
				ALWAYS_SEARCH_USER_PATHS = NO;
				CLANG_ANALYZER_NONNULL = YES;
				CLANG_ANALYZER_NUMBER_OBJECT_CONVERSION = YES_AGGRESSIVE;
				CLANG_CXX_LANGUAGE_STANDARD = "gnu++14";
				CLANG_CXX_LIBRARY = "libc++";
				CLANG_ENABLE_MODULES = YES;
				CLANG_ENABLE_OBJC_ARC = YES;
				CLANG_ENABLE_OBJC_WEAK = YES;
				CLANG_WARN_BLOCK_CAPTURE_AUTORELEASING = YES;
				CLANG_WARN_BOOL_CONVERSION = YES;
				CLANG_WARN_COMMA = YES;
				CLANG_WARN_CONSTANT_CONVERSION = YES;
				CLANG_WARN_DEPRECATED_OBJC_IMPLEMENTATIONS = YES;
				CLANG_WARN_DIRECT_OBJC_ISA_USAGE = YES_ERROR;
				CLANG_WARN_DOCUMENTATION_COMMENTS = YES;
				CLANG_WARN_EMPTY_BODY = YES;
				CLANG_WARN_ENUM_CONVERSION = YES;
				CLANG_WARN_INFINITE_RECURSION = YES;
				CLANG_WARN_INT_CONVERSION = YES;
				CLANG_WARN_NON_LITERAL_NULL_CONVERSION = YES;
				CLANG_WARN_OBJC_IMPLICIT_RETAIN_SELF = YES;
				CLANG_WARN_OBJC_LITERAL_CONVERSION = YES;
				CLANG_WARN_OBJC_ROOT_CLASS = YES_ERROR;
				CLANG_WARN_RANGE_LOOP_ANALYSIS = YES;
				CLANG_WARN_STRICT_PROTOTYPES = YES;
				CLANG_WARN_SUSPICIOUS_MOVE = YES;
				CLANG_WARN_UNGUARDED_AVAILABILITY = YES_AGGRESSIVE;
				CLANG_WARN_UNREACHABLE_CODE = YES;
				CLANG_WARN__DUPLICATE_METHOD_MATCH = YES;
				CODE_SIGN_IDENTITY = "Mac Developer";
				COPY_PHASE_STRIP = NO;
				DEBUG_INFORMATION_FORMAT = dwarf;
				ENABLE_STRICT_OBJC_MSGSEND = YES;
				ENABLE_TESTABILITY = YES;
				GCC_C_LANGUAGE_STANDARD = gnu11;
				GCC_DYNAMIC_NO_PIC = NO;
				GCC_NO_COMMON_BLOCKS = YES;
				GCC_OPTIMIZATION_LEVEL = 0;
				GCC_PREPROCESSOR_DEFINITIONS = (
					"DEBUG=1",
					"$(inherited)",
				);
				GCC_WARN_64_TO_32_BIT_CONVERSION = YES;
				GCC_WARN_ABOUT_RETURN_TYPE = YES_ERROR;
				GCC_WARN_UNDECLARED_SELECTOR = YES;
				GCC_WARN_UNINITIALIZED_AUTOS = YES_AGGRESSIVE;
				GCC_WARN_UNUSED_FUNCTION = YES;
				GCC_WARN_UNUSED_VARIABLE = YES;
				MACOSX_DEPLOYMENT_TARGET = 10.14;
				MTL_ENABLE_DEBUG_INFO = INCLUDE_SOURCE;
				MTL_FAST_MATH = YES;
				ONLY_ACTIVE_ARCH = YES;
				SDKROOT = macosx;
				SWIFT_ACTIVE_COMPILATION_CONDITIONS = DEBUG;
				SWIFT_OPTIMIZATION_LEVEL = "-Onone";
			};
			name = Debug;
		};
		2A0FA37921A03C3700BAF6B5 /* Release */ = {
			isa = XCBuildConfiguration;
			buildSettings = {
				ALWAYS_SEARCH_USER_PATHS = NO;
				CLANG_ANALYZER_NONNULL = YES;
				CLANG_ANALYZER_NUMBER_OBJECT_CONVERSION = YES_AGGRESSIVE;
				CLANG_CXX_LANGUAGE_STANDARD = "gnu++14";
				CLANG_CXX_LIBRARY = "libc++";
				CLANG_ENABLE_MODULES = YES;
				CLANG_ENABLE_OBJC_ARC = YES;
				CLANG_ENABLE_OBJC_WEAK = YES;
				CLANG_WARN_BLOCK_CAPTURE_AUTORELEASING = YES;
				CLANG_WARN_BOOL_CONVERSION = YES;
				CLANG_WARN_COMMA = YES;
				CLANG_WARN_CONSTANT_CONVERSION = YES;
				CLANG_WARN_DEPRECATED_OBJC_IMPLEMENTATIONS = YES;
				CLANG_WARN_DIRECT_OBJC_ISA_USAGE = YES_ERROR;
				CLANG_WARN_DOCUMENTATION_COMMENTS = YES;
				CLANG_WARN_EMPTY_BODY = YES;
				CLANG_WARN_ENUM_CONVERSION = YES;
				CLANG_WARN_INFINITE_RECURSION = YES;
				CLANG_WARN_INT_CONVERSION = YES;
				CLANG_WARN_NON_LITERAL_NULL_CONVERSION = YES;
				CLANG_WARN_OBJC_IMPLICIT_RETAIN_SELF = YES;
				CLANG_WARN_OBJC_LITERAL_CONVERSION = YES;
				CLANG_WARN_OBJC_ROOT_CLASS = YES_ERROR;
				CLANG_WARN_RANGE_LOOP_ANALYSIS = YES;
				CLANG_WARN_STRICT_PROTOTYPES = YES;
				CLANG_WARN_SUSPICIOUS_MOVE = YES;
				CLANG_WARN_UNGUARDED_AVAILABILITY = YES_AGGRESSIVE;
				CLANG_WARN_UNREACHABLE_CODE = YES;
				CLANG_WARN__DUPLICATE_METHOD_MATCH = YES;
				CODE_SIGN_IDENTITY = "Mac Developer";
				COPY_PHASE_STRIP = NO;
				DEBUG_INFORMATION_FORMAT = "dwarf-with-dsym";
				ENABLE_NS_ASSERTIONS = NO;
				ENABLE_STRICT_OBJC_MSGSEND = YES;
				GCC_C_LANGUAGE_STANDARD = gnu11;
				GCC_NO_COMMON_BLOCKS = YES;
				GCC_WARN_64_TO_32_BIT_CONVERSION = YES;
				GCC_WARN_ABOUT_RETURN_TYPE = YES_ERROR;
				GCC_WARN_UNDECLARED_SELECTOR = YES;
				GCC_WARN_UNINITIALIZED_AUTOS = YES_AGGRESSIVE;
				GCC_WARN_UNUSED_FUNCTION = YES;
				GCC_WARN_UNUSED_VARIABLE = YES;
				MACOSX_DEPLOYMENT_TARGET = 10.14;
				MTL_ENABLE_DEBUG_INFO = NO;
				MTL_FAST_MATH = YES;
				SDKROOT = macosx;
				SWIFT_COMPILATION_MODE = wholemodule;
				SWIFT_OPTIMIZATION_LEVEL = "-O";
			};
			name = Release;
		};
		2A0FA37B21A03C3700BAF6B5 /* Debug */ = {
			isa = XCBuildConfiguration;
			buildSettings = {
				ASSETCATALOG_COMPILER_APPICON_NAME = AppIcon;
				CODE_SIGN_ENTITLEMENTS = populationgraphs/populationgraphs.entitlements;
				CODE_SIGN_STYLE = Automatic;
				COMBINE_HIDPI_IMAGES = YES;
				DEVELOPMENT_TEAM = 626QFAP74Z;
				INFOPLIST_FILE = populationgraphs/Info.plist;
				LD_RUNPATH_SEARCH_PATHS = (
					"$(inherited)",
					"@executable_path/../Frameworks",
				);
				PRODUCT_BUNDLE_IDENTIFIER = com.dyerlab.populationgraphs;
				PRODUCT_NAME = "$(TARGET_NAME)";
				SWIFT_VERSION = 4.2;
			};
			name = Debug;
		};
		2A0FA37C21A03C3700BAF6B5 /* Release */ = {
			isa = XCBuildConfiguration;
			buildSettings = {
				ASSETCATALOG_COMPILER_APPICON_NAME = AppIcon;
				CODE_SIGN_ENTITLEMENTS = populationgraphs/populationgraphs.entitlements;
				CODE_SIGN_STYLE = Automatic;
				COMBINE_HIDPI_IMAGES = YES;
				DEVELOPMENT_TEAM = 626QFAP74Z;
				INFOPLIST_FILE = populationgraphs/Info.plist;
				LD_RUNPATH_SEARCH_PATHS = (
					"$(inherited)",
					"@executable_path/../Frameworks",
				);
				PRODUCT_BUNDLE_IDENTIFIER = com.dyerlab.populationgraphs;
				PRODUCT_NAME = "$(TARGET_NAME)";
				SWIFT_VERSION = 4.2;
			};
			name = Release;
		};
		2A0FA37E21A03C3700BAF6B5 /* Debug */ = {
			isa = XCBuildConfiguration;
			buildSettings = {
				ALWAYS_EMBED_SWIFT_STANDARD_LIBRARIES = YES;
				BUNDLE_LOADER = "$(TEST_HOST)";
				CODE_SIGN_STYLE = Automatic;
				COMBINE_HIDPI_IMAGES = YES;
				DEVELOPMENT_TEAM = 626QFAP74Z;
				INFOPLIST_FILE = populationgraphsTests/Info.plist;
				LD_RUNPATH_SEARCH_PATHS = (
					"$(inherited)",
					"@executable_path/../Frameworks",
					"@loader_path/../Frameworks",
				);
				PRODUCT_BUNDLE_IDENTIFIER = com.dyerlab.populationgraphsTests;
				PRODUCT_NAME = "$(TARGET_NAME)";
				SWIFT_VERSION = 4.2;
				TEST_HOST = "$(BUILT_PRODUCTS_DIR)/populationgraphs.app/Contents/MacOS/populationgraphs";
			};
			name = Debug;
		};
		2A0FA37F21A03C3700BAF6B5 /* Release */ = {
			isa = XCBuildConfiguration;
			buildSettings = {
				ALWAYS_EMBED_SWIFT_STANDARD_LIBRARIES = YES;
				BUNDLE_LOADER = "$(TEST_HOST)";
				CODE_SIGN_STYLE = Automatic;
				COMBINE_HIDPI_IMAGES = YES;
				DEVELOPMENT_TEAM = 626QFAP74Z;
				INFOPLIST_FILE = populationgraphsTests/Info.plist;
				LD_RUNPATH_SEARCH_PATHS = (
					"$(inherited)",
					"@executable_path/../Frameworks",
					"@loader_path/../Frameworks",
				);
				PRODUCT_BUNDLE_IDENTIFIER = com.dyerlab.populationgraphsTests;
				PRODUCT_NAME = "$(TARGET_NAME)";
				SWIFT_VERSION = 4.2;
				TEST_HOST = "$(BUILT_PRODUCTS_DIR)/populationgraphs.app/Contents/MacOS/populationgraphs";
			};
			name = Release;
		};
/* End XCBuildConfiguration section */

/* Begin XCConfigurationList section */
		2A0FA35821A03C3500BAF6B5 /* Build configuration list for PBXProject "populationgraphs" */ = {
			isa = XCConfigurationList;
			buildConfigurations = (
				2A0FA37821A03C3700BAF6B5 /* Debug */,
				2A0FA37921A03C3700BAF6B5 /* Release */,
			);
			defaultConfigurationIsVisible = 0;
			defaultConfigurationName = Release;
		};
		2A0FA37A21A03C3700BAF6B5 /* Build configuration list for PBXNativeTarget "populationgraphs" */ = {
			isa = XCConfigurationList;
			buildConfigurations = (
				2A0FA37B21A03C3700BAF6B5 /* Debug */,
				2A0FA37C21A03C3700BAF6B5 /* Release */,
			);
			defaultConfigurationIsVisible = 0;
			defaultConfigurationName = Release;
		};
		2A0FA37D21A03C3700BAF6B5 /* Build configuration list for PBXNativeTarget "populationgraphsTests" */ = {
			isa = XCConfigurationList;
			buildConfigurations = (
				2A0FA37E21A03C3700BAF6B5 /* Debug */,
				2A0FA37F21A03C3700BAF6B5 /* Release */,
			);
			defaultConfigurationIsVisible = 0;
			defaultConfigurationName = Release;
		};
/* End XCConfigurationList section */
	};
	rootObject = 2A0FA35521A03C3500BAF6B5 /* Project object */;
}
